
Microsoft Visual Studio Solution File, Format Version 12.00
# Visual Studio Version 16
VisualStudioVersion = 16.0.29326.143
MinimumVisualStudioVersion = 10.0.40219.1
Project("{FAE04EC0-301F-11D3-BF4B-00C04F79EFBC}") = "Watchmasters", "Watchmasters.csproj", "{EFE401D7-9CDF-4A42-A362-3B2E95C26F2C}"
EndProject
Global
	GlobalSection(SolutionConfigurationPlatforms) = preSolution
		Debug|Any CPU = Debug|Any CPU
		Release|Any CPU = Release|Any CPU
	EndGlobalSection
	GlobalSection(ProjectConfigurationPlatforms) = postSolution
		{EFE401D7-9CDF-4A42-A362-3B2E95C26F2C}.Debug|Any CPU.ActiveCfg = Debug|Any CPU
		{EFE401D7-9CDF-4A42-A362-3B2E95C26F2C}.Debug|Any CPU.Build.0 = Debug|Any CPU
		{EFE401D7-9CDF-4A42-A362-3B2E95C26F2C}.Release|Any CPU.ActiveCfg = Release|Any CPU
		{EFE401D7-9CDF-4A42-A362-3B2E95C26F2C}.Release|Any CPU.Build.0 = Release|Any CPU
	EndGlobalSection
	GlobalSection(SolutionProperties) = preSolution
		HideSolutionNode = FALSE
	EndGlobalSection
	GlobalSection(ExtensibilityGlobals) = postSolution
		SolutionGuid = {A707E308-EE4A-4268-A02D-8DD642A101EF}
	EndGlobalSection
EndGlobal
